
Microsoft Visual Studio Solution File, Format Version 12.00
# Visual Studio Version 17
VisualStudioVersion = 17.4.33213.308
MinimumVisualStudioVersion = 10.0.40219.1
Project("{FAE04EC0-301F-11D3-BF4B-00C04F79EFBC}") = "EMS", "EMS.csproj", "{A279940E-6DC9-4B17-A0B3-C46E2E4511A3}"
EndProject
Global
	GlobalSection(SolutionConfigurationPlatforms) = preSolution
		Debug|Any CPU = Debug|Any CPU
		Release|Any CPU = Release|Any CPU
	EndGlobalSection
	GlobalSection(ProjectConfigurationPlatforms) = postSolution
		{A279940E-6DC9-4B17-A0B3-C46E2E4511A3}.Debug|Any CPU.ActiveCfg = Debug|Any CPU
		{A279940E-6DC9-4B17-A0B3-C46E2E4511A3}.Debug|Any CPU.Build.0 = Debug|Any CPU
		{A279940E-6DC9-4B17-A0B3-C46E2E4511A3}.Release|Any CPU.ActiveCfg = Release|Any CPU
		{A279940E-6DC9-4B17-A0B3-C46E2E4511A3}.Release|Any CPU.Build.0 = Release|Any CPU
	EndGlobalSection
	GlobalSection(SolutionProperties) = preSolution
		HideSolutionNode = FALSE
	EndGlobalSection
	GlobalSection(ExtensibilityGlobals) = postSolution
		SolutionGuid = {94350087-7A79-43EF-AE50-AD504D4DEBF3}
	EndGlobalSection
EndGlobal
